# This file is automatically @generated by Poetry 1.8.2 and should not be changed by hand.

[[package]]
name = "asgiref"
version = "3.8.1"
description = "ASGI specs, helper code, and adapters"
optional = false
python-versions = ">=3.8"
files = [
    {file = "asgiref-3.8.1-py3-none-any.whl", hash = "sha256:3e1e3ecc849832fe52ccf2cb6686b7a55f82bb1d6aee72a58826471390335e47"},
    {file = "asgiref-3.8.1.tar.gz", hash = "sha256:c343bd80a0bec947a9860adb4c432ffa7db769836c64238fc34bdc3fec84d590"},
]

[package.dependencies]
typing-extensions = {version = ">=4", markers = "python_version < \"3.11\""}

[package.extras]
tests = ["mypy (>=0.800)", "pytest", "pytest-asyncio"]

[[package]]
name = "django"
version = "4.2.13"
description = "A high-level Python web framework that encourages rapid development and clean, pragmatic design."
optional = false
python-versions = ">=3.8"
files = [
    {file = "Django-4.2.13-py3-none-any.whl", hash = "sha256:a17fcba2aad3fc7d46fdb23215095dbbd64e6174bf4589171e732b18b07e426a"},
    {file = "Django-4.2.13.tar.gz", hash = "sha256:837e3cf1f6c31347a1396a3f6b65688f2b4bb4a11c580dcb628b5afe527b68a5"},
]

[package.dependencies]
asgiref = ">=3.6.0,<4"
sqlparse = ">=0.3.1"
tzdata = {version = "*", markers = "sys_platform == \"win32\""}

[package.extras]
argon2 = ["argon2-cffi (>=19.1.0)"]
bcrypt = ["bcrypt"]

[[package]]
name = "sqlparse"
version = "0.4.2"
description = "A non-validating SQL parser."
optional = false
python-versions = ">=3.5"
files = [
    {file = "sqlparse-0.4.2-py3-none-any.whl", hash = "sha256:48719e356bb8b42991bdbb1e8b83223757b93789c00910a616a071910ca4a64d"},
    {file = "sqlparse-0.4.2.tar.gz", hash = "sha256:0c00730c74263a94e5a9919ade150dfc3b19c574389985446148402998287dae"},
]

[[package]]
name = "typing-extensions"
version = "4.12.2"
description = "Backported and Experimental Type Hints for Python 3.8+"
optional = false
python-versions = ">=3.8"
files = [
    {file = "typing_extensions-4.12.2-py3-none-any.whl", hash = "sha256:04e5ca0351e0f3f85c6853954072df659d0d13fac324d0072316b67d7794700d"},
    {file = "typing_extensions-4.12.2.tar.gz", hash = "sha256:1a7ead55c7e559dd4dee8856e3a88b41225abfe1ce8df57b7c13915fe121ffb8"},
]

[[package]]
name = "tzdata"
version = "2022.1"
description = "Provider of IANA time zone data"
optional = false
python-versions = ">=2"
files = [
    {file = "tzdata-2022.1-py2.py3-none-any.whl", hash = "sha256:238e70234214138ed7b4e8a0fab0e5e13872edab3be586ab8198c407620e2ab9"},
    {file = "tzdata-2022.1.tar.gz", hash = "sha256:8b536a8ec63dc0751342b3984193a3118f8fca2afe25752bb9b7fffd398552d3"},
]

[metadata]
lock-version = "2.0"
python-versions = "^3.9"
content-hash = "60ac7c2eaf5a07a977a892b58ef58382b936ddbc52e70fd74c893b1e757e16d1"
